
Microsoft Visual Studio Solution File, Format Version 12.00
# Visual Studio Version 17
VisualStudioVersion = 17.11.35219.272
MinimumVisualStudioVersion = 10.0.40219.1
Project("{FAE04EC0-301F-11D3-BF4B-00C04F79EFBC}") = "Tuan2_ThietKeGiaoDien", "Tuan2_ThietKeGiaoDien\Tuan2_ThietKeGiaoDien.csproj", "{501A8DD2-1D03-41BE-BF92-F8F2F97EC687}"
EndProject
Project("{FAE04EC0-301F-11D3-BF4B-00C04F79EFBC}") = "ThietKeControls", "ThietKeControls\ThietKeControls.csproj", "{176C092D-34C8-4D96-98F2-67089F7FAEAA}"
EndProject
Global
	GlobalSection(SolutionConfigurationPlatforms) = preSolution
		Debug|Any CPU = Debug|Any CPU
		Release|Any CPU = Release|Any CPU
	EndGlobalSection
	GlobalSection(ProjectConfigurationPlatforms) = postSolution
		{501A8DD2-1D03-41BE-BF92-F8F2F97EC687}.Debug|Any CPU.ActiveCfg = Debug|Any CPU
		{501A8DD2-1D03-41BE-BF92-F8F2F97EC687}.Debug|Any CPU.Build.0 = Debug|Any CPU
		{501A8DD2-1D03-41BE-BF92-F8F2F97EC687}.Release|Any CPU.ActiveCfg = Release|Any CPU
		{501A8DD2-1D03-41BE-BF92-F8F2F97EC687}.Release|Any CPU.Build.0 = Release|Any CPU
		{176C092D-34C8-4D96-98F2-67089F7FAEAA}.Debug|Any CPU.ActiveCfg = Debug|Any CPU
		{176C092D-34C8-4D96-98F2-67089F7FAEAA}.Debug|Any CPU.Build.0 = Debug|Any CPU
		{176C092D-34C8-4D96-98F2-67089F7FAEAA}.Release|Any CPU.ActiveCfg = Release|Any CPU
		{176C092D-34C8-4D96-98F2-67089F7FAEAA}.Release|Any CPU.Build.0 = Release|Any CPU
	EndGlobalSection
	GlobalSection(SolutionProperties) = preSolution
		HideSolutionNode = FALSE
	EndGlobalSection
	GlobalSection(ExtensibilityGlobals) = postSolution
		SolutionGuid = {6B45AB0C-42BC-4261-9D74-2E3F773FF660}
	EndGlobalSection
EndGlobal
